
Microsoft Visual Studio Solution File, Format Version 12.00
# Visual Studio Version 17
VisualStudioVersion = 17.2.32630.192
MinimumVisualStudioVersion = 10.0.40219.1
Project("{FAE04EC0-301F-11D3-BF4B-00C04F79EFBC}") = "HomeWork", "HomeWork1\HomeWork.csproj", "{E74F56C1-8437-4A4D-B457-3E5729847A80}"
EndProject
Global
	GlobalSection(SolutionConfigurationPlatforms) = preSolution
		Debug|Any CPU = Debug|Any CPU
		Release|Any CPU = Release|Any CPU
	EndGlobalSection
	GlobalSection(ProjectConfigurationPlatforms) = postSolution
		{E74F56C1-8437-4A4D-B457-3E5729847A80}.Debug|Any CPU.ActiveCfg = Debug|Any CPU
		{E74F56C1-8437-4A4D-B457-3E5729847A80}.Debug|Any CPU.Build.0 = Debug|Any CPU
		{E74F56C1-8437-4A4D-B457-3E5729847A80}.Release|Any CPU.ActiveCfg = Release|Any CPU
		{E74F56C1-8437-4A4D-B457-3E5729847A80}.Release|Any CPU.Build.0 = Release|Any CPU
	EndGlobalSection
	GlobalSection(SolutionProperties) = preSolution
		HideSolutionNode = FALSE
	EndGlobalSection
	GlobalSection(ExtensibilityGlobals) = postSolution
		SolutionGuid = {83A27579-F971-4258-903D-506FA837515B}
	EndGlobalSection
EndGlobal
